
Microsoft Visual Studio Solution File, Format Version 12.00
# Visual Studio Version 17
VisualStudioVersion = 17.1.32210.238
MinimumVisualStudioVersion = 10.0.40219.1
Project("{E24C65DC-7377-472B-9ABA-BC803B73C61A}") = "proj_DB", ".", "{73F0A76D-E8A6-4B5E-8C4A-1AE2B3D09810}"
	ProjectSection(WebsiteProperties) = preProject
		TargetFrameworkMoniker = ".NETFramework,Version%3Dv4.7.2"
		Debug.AspNetCompiler.VirtualPath = "/localhost_61271"
		Debug.AspNetCompiler.PhysicalPath = "..\proj_DB\"
		Debug.AspNetCompiler.TargetPath = "PrecompiledWeb\localhost_61271\"
		Debug.AspNetCompiler.Updateable = "true"
		Debug.AspNetCompiler.ForceOverwrite = "true"
		Debug.AspNetCompiler.FixedNames = "false"
		Debug.AspNetCompiler.Debug = "True"
		Release.AspNetCompiler.VirtualPath = "/localhost_61271"
		Release.AspNetCompiler.PhysicalPath = "..\proj_DB\"
		Release.AspNetCompiler.TargetPath = "PrecompiledWeb\localhost_61271\"
		Release.AspNetCompiler.Updateable = "true"
		Release.AspNetCompiler.ForceOverwrite = "true"
		Release.AspNetCompiler.FixedNames = "false"
		Release.AspNetCompiler.Debug = "False"
		VWDPort = "61271"
		SlnRelativePath = "..\proj_DB\"
		DefaultWebSiteLanguage = "Visual C#"
	EndProjectSection
EndProject
Global
	GlobalSection(SolutionConfigurationPlatforms) = preSolution
		Debug|Any CPU = Debug|Any CPU
	EndGlobalSection
	GlobalSection(ProjectConfigurationPlatforms) = postSolution
		{73F0A76D-E8A6-4B5E-8C4A-1AE2B3D09810}.Debug|Any CPU.ActiveCfg = Debug|Any CPU
		{73F0A76D-E8A6-4B5E-8C4A-1AE2B3D09810}.Debug|Any CPU.Build.0 = Debug|Any CPU
	EndGlobalSection
	GlobalSection(SolutionProperties) = preSolution
		HideSolutionNode = FALSE
	EndGlobalSection
	GlobalSection(ExtensibilityGlobals) = postSolution
		SolutionGuid = {65695375-AC56-4A74-94E2-9272A37096BA}
	EndGlobalSection
EndGlobal
